
Microsoft Visual Studio Solution File, Format Version 12.00
# Visual Studio 2013
VisualStudioVersion = 12.0.31101.0
MinimumVisualStudioVersion = 10.0.40219.1
Project("{8BC9CEB8-8B4A-11D0-8D11-00A0C91BC942}") = "guia_tp_00", "main\main.vcxproj", "{0E90BA10-5799-4A2D-BE15-39CD1059239A}"
EndProject
Project("{8BC9CEB8-8B4A-11D0-8D11-00A0C91BC942}") = "guia_tp_01", "guia_tp_01\guia_tp_01.vcxproj", "{BCB6AA81-EC46-4A2A-B2BC-9D73FAA3A02D}"
EndProject
Project("{8BC9CEB8-8B4A-11D0-8D11-00A0C91BC942}") = "guia_tp_02", "guia_tp_02\guia_tp_02.vcxproj", "{F4E9761D-2222-4C36-A825-95864E466A9E}"
EndProject
Project("{8BC9CEB8-8B4A-11D0-8D11-00A0C91BC942}") = "guia_tp_03", "guia_tp_03\guia_tp_03.vcxproj", "{49B0502D-60FE-42FB-821E-267C5BE6D161}"
EndProject
Global
	GlobalSection(SolutionConfigurationPlatforms) = preSolution
		Debug|Win32 = Debug|Win32
		Release|Win32 = Release|Win32
	EndGlobalSection
	GlobalSection(ProjectConfigurationPlatforms) = postSolution
		{0E90BA10-5799-4A2D-BE15-39CD1059239A}.Debug|Win32.ActiveCfg = Debug|Win32
		{0E90BA10-5799-4A2D-BE15-39CD1059239A}.Debug|Win32.Build.0 = Debug|Win32
		{0E90BA10-5799-4A2D-BE15-39CD1059239A}.Release|Win32.ActiveCfg = Release|Win32
		{0E90BA10-5799-4A2D-BE15-39CD1059239A}.Release|Win32.Build.0 = Release|Win32
		{BCB6AA81-EC46-4A2A-B2BC-9D73FAA3A02D}.Debug|Win32.ActiveCfg = Debug|Win32
		{BCB6AA81-EC46-4A2A-B2BC-9D73FAA3A02D}.Debug|Win32.Build.0 = Debug|Win32
		{BCB6AA81-EC46-4A2A-B2BC-9D73FAA3A02D}.Release|Win32.ActiveCfg = Release|Win32
		{BCB6AA81-EC46-4A2A-B2BC-9D73FAA3A02D}.Release|Win32.Build.0 = Release|Win32
		{F4E9761D-2222-4C36-A825-95864E466A9E}.Debug|Win32.ActiveCfg = Debug|Win32
		{F4E9761D-2222-4C36-A825-95864E466A9E}.Debug|Win32.Build.0 = Debug|Win32
		{F4E9761D-2222-4C36-A825-95864E466A9E}.Release|Win32.ActiveCfg = Release|Win32
		{F4E9761D-2222-4C36-A825-95864E466A9E}.Release|Win32.Build.0 = Release|Win32
		{49B0502D-60FE-42FB-821E-267C5BE6D161}.Debug|Win32.ActiveCfg = Debug|Win32
		{49B0502D-60FE-42FB-821E-267C5BE6D161}.Debug|Win32.Build.0 = Debug|Win32
		{49B0502D-60FE-42FB-821E-267C5BE6D161}.Release|Win32.ActiveCfg = Release|Win32
		{49B0502D-60FE-42FB-821E-267C5BE6D161}.Release|Win32.Build.0 = Release|Win32
	EndGlobalSection
	GlobalSection(SolutionProperties) = preSolution
		HideSolutionNode = FALSE
	EndGlobalSection
EndGlobal
