
Microsoft Visual Studio Solution File, Format Version 12.00
# Visual Studio 2013
VisualStudioVersion = 12.0.31101.0
MinimumVisualStudioVersion = 10.0.40219.1
Project("{8BC9CEB8-8B4A-11D0-8D11-00A0C91BC942}") = "guia_tp_00", "main\main.vcxproj", "{0E90BA10-5799-4A2D-BE15-39CD1059239A}"
EndProject
Project("{8BC9CEB8-8B4A-11D0-8D11-00A0C91BC942}") = "guia_tp_01", "guia_tp_01\guia_tp_01.vcxproj", "{BCB6AA81-EC46-4A2A-B2BC-9D73FAA3A02D}"
EndProject
Project("{8BC9CEB8-8B4A-11D0-8D11-00A0C91BC942}") = "guia_tp_02", "guia_tp_02\guia_tp_02.vcxproj", "{F4E9761D-2222-4C36-A825-95864E466A9E}"
EndProject
Project("{8BC9CEB8-8B4A-11D0-8D11-00A0C91BC942}") = "guia_tp_03", "guia_tp_03\guia_tp_03.vcxproj", "{49B0502D-60FE-42FB-821E-267C5BE6D161}"
EndProject
Project("{8BC9CEB8-8B4A-11D0-8D11-00A0C91BC942}") = "guia_tp_05", "guia_tp_05\guia_tp_05.vcxproj", "{005302D2-DB2D-4837-8CAF-D914097CAB6E}"
EndProject
Project("{8BC9CEB8-8B4A-11D0-8D11-00A0C91BC942}") = "guia_tp_06", "guia_tp_06\guia_tp_06.vcxproj", "{9153F93F-B5BA-41B8-87F3-1D4A2F8DFB71}"
EndProject
Global
	GlobalSection(SolutionConfigurationPlatforms) = preSolution
		Debug|Win32 = Debug|Win32
		Debug|x64 = Debug|x64
		Release|Win32 = Release|Win32
		Release|x64 = Release|x64
		Static-Debug|Win32 = Static-Debug|Win32
		Static-Debug|x64 = Static-Debug|x64
		Static-Release|Win32 = Static-Release|Win32
		Static-Release|x64 = Static-Release|x64
	EndGlobalSection
	GlobalSection(ProjectConfigurationPlatforms) = postSolution
		{0E90BA10-5799-4A2D-BE15-39CD1059239A}.Debug|Win32.ActiveCfg = Debug|Win32
		{0E90BA10-5799-4A2D-BE15-39CD1059239A}.Debug|Win32.Build.0 = Debug|Win32
		{0E90BA10-5799-4A2D-BE15-39CD1059239A}.Debug|x64.ActiveCfg = Debug|Win32
		{0E90BA10-5799-4A2D-BE15-39CD1059239A}.Release|Win32.ActiveCfg = Release|Win32
		{0E90BA10-5799-4A2D-BE15-39CD1059239A}.Release|Win32.Build.0 = Release|Win32
		{0E90BA10-5799-4A2D-BE15-39CD1059239A}.Release|x64.ActiveCfg = Release|Win32
		{0E90BA10-5799-4A2D-BE15-39CD1059239A}.Static-Debug|Win32.ActiveCfg = Debug|Win32
		{0E90BA10-5799-4A2D-BE15-39CD1059239A}.Static-Debug|x64.ActiveCfg = Debug|Win32
		{0E90BA10-5799-4A2D-BE15-39CD1059239A}.Static-Release|Win32.ActiveCfg = Release|Win32
		{0E90BA10-5799-4A2D-BE15-39CD1059239A}.Static-Release|x64.ActiveCfg = Release|Win32
		{BCB6AA81-EC46-4A2A-B2BC-9D73FAA3A02D}.Debug|Win32.ActiveCfg = Debug|Win32
		{BCB6AA81-EC46-4A2A-B2BC-9D73FAA3A02D}.Debug|Win32.Build.0 = Debug|Win32
		{BCB6AA81-EC46-4A2A-B2BC-9D73FAA3A02D}.Debug|x64.ActiveCfg = Debug|Win32
		{BCB6AA81-EC46-4A2A-B2BC-9D73FAA3A02D}.Release|Win32.ActiveCfg = Release|Win32
		{BCB6AA81-EC46-4A2A-B2BC-9D73FAA3A02D}.Release|Win32.Build.0 = Release|Win32
		{BCB6AA81-EC46-4A2A-B2BC-9D73FAA3A02D}.Release|x64.ActiveCfg = Release|Win32
		{BCB6AA81-EC46-4A2A-B2BC-9D73FAA3A02D}.Static-Debug|Win32.ActiveCfg = Debug|Win32
		{BCB6AA81-EC46-4A2A-B2BC-9D73FAA3A02D}.Static-Debug|x64.ActiveCfg = Debug|Win32
		{BCB6AA81-EC46-4A2A-B2BC-9D73FAA3A02D}.Static-Release|Win32.ActiveCfg = Release|Win32
		{BCB6AA81-EC46-4A2A-B2BC-9D73FAA3A02D}.Static-Release|x64.ActiveCfg = Release|Win32
		{F4E9761D-2222-4C36-A825-95864E466A9E}.Debug|Win32.ActiveCfg = Debug|Win32
		{F4E9761D-2222-4C36-A825-95864E466A9E}.Debug|Win32.Build.0 = Debug|Win32
		{F4E9761D-2222-4C36-A825-95864E466A9E}.Debug|x64.ActiveCfg = Debug|Win32
		{F4E9761D-2222-4C36-A825-95864E466A9E}.Release|Win32.ActiveCfg = Release|Win32
		{F4E9761D-2222-4C36-A825-95864E466A9E}.Release|Win32.Build.0 = Release|Win32
		{F4E9761D-2222-4C36-A825-95864E466A9E}.Release|x64.ActiveCfg = Release|Win32
		{F4E9761D-2222-4C36-A825-95864E466A9E}.Static-Debug|Win32.ActiveCfg = Debug|Win32
		{F4E9761D-2222-4C36-A825-95864E466A9E}.Static-Debug|Win32.Build.0 = Debug|Win32
		{F4E9761D-2222-4C36-A825-95864E466A9E}.Static-Debug|x64.ActiveCfg = Debug|Win32
		{F4E9761D-2222-4C36-A825-95864E466A9E}.Static-Release|Win32.ActiveCfg = Release|Win32
		{F4E9761D-2222-4C36-A825-95864E466A9E}.Static-Release|Win32.Build.0 = Release|Win32
		{F4E9761D-2222-4C36-A825-95864E466A9E}.Static-Release|x64.ActiveCfg = Release|Win32
		{49B0502D-60FE-42FB-821E-267C5BE6D161}.Debug|Win32.ActiveCfg = Debug|Win32
		{49B0502D-60FE-42FB-821E-267C5BE6D161}.Debug|Win32.Build.0 = Debug|Win32
		{49B0502D-60FE-42FB-821E-267C5BE6D161}.Debug|x64.ActiveCfg = Debug|Win32
		{49B0502D-60FE-42FB-821E-267C5BE6D161}.Release|Win32.ActiveCfg = Release|Win32
		{49B0502D-60FE-42FB-821E-267C5BE6D161}.Release|Win32.Build.0 = Release|Win32
		{49B0502D-60FE-42FB-821E-267C5BE6D161}.Release|x64.ActiveCfg = Release|Win32
		{49B0502D-60FE-42FB-821E-267C5BE6D161}.Static-Debug|Win32.ActiveCfg = Debug|Win32
		{49B0502D-60FE-42FB-821E-267C5BE6D161}.Static-Debug|Win32.Build.0 = Debug|Win32
		{49B0502D-60FE-42FB-821E-267C5BE6D161}.Static-Debug|x64.ActiveCfg = Debug|Win32
		{49B0502D-60FE-42FB-821E-267C5BE6D161}.Static-Release|Win32.ActiveCfg = Release|Win32
		{49B0502D-60FE-42FB-821E-267C5BE6D161}.Static-Release|Win32.Build.0 = Release|Win32
		{49B0502D-60FE-42FB-821E-267C5BE6D161}.Static-Release|x64.ActiveCfg = Release|Win32
		{005302D2-DB2D-4837-8CAF-D914097CAB6E}.Debug|Win32.ActiveCfg = Debug|Win32
		{005302D2-DB2D-4837-8CAF-D914097CAB6E}.Debug|Win32.Build.0 = Debug|Win32
		{005302D2-DB2D-4837-8CAF-D914097CAB6E}.Debug|x64.ActiveCfg = Debug|Win32
		{005302D2-DB2D-4837-8CAF-D914097CAB6E}.Release|Win32.ActiveCfg = Release|Win32
		{005302D2-DB2D-4837-8CAF-D914097CAB6E}.Release|Win32.Build.0 = Release|Win32
		{005302D2-DB2D-4837-8CAF-D914097CAB6E}.Release|x64.ActiveCfg = Release|Win32
		{005302D2-DB2D-4837-8CAF-D914097CAB6E}.Static-Debug|Win32.ActiveCfg = Debug|Win32
		{005302D2-DB2D-4837-8CAF-D914097CAB6E}.Static-Debug|Win32.Build.0 = Debug|Win32
		{005302D2-DB2D-4837-8CAF-D914097CAB6E}.Static-Debug|x64.ActiveCfg = Debug|Win32
		{005302D2-DB2D-4837-8CAF-D914097CAB6E}.Static-Release|Win32.ActiveCfg = Release|Win32
		{005302D2-DB2D-4837-8CAF-D914097CAB6E}.Static-Release|Win32.Build.0 = Release|Win32
		{005302D2-DB2D-4837-8CAF-D914097CAB6E}.Static-Release|x64.ActiveCfg = Release|Win32
		{9153F93F-B5BA-41B8-87F3-1D4A2F8DFB71}.Debug|Win32.ActiveCfg = Debug|Win32
		{9153F93F-B5BA-41B8-87F3-1D4A2F8DFB71}.Debug|Win32.Build.0 = Debug|Win32
		{9153F93F-B5BA-41B8-87F3-1D4A2F8DFB71}.Debug|x64.ActiveCfg = Debug|Win32
		{9153F93F-B5BA-41B8-87F3-1D4A2F8DFB71}.Release|Win32.ActiveCfg = Release|Win32
		{9153F93F-B5BA-41B8-87F3-1D4A2F8DFB71}.Release|Win32.Build.0 = Release|Win32
		{9153F93F-B5BA-41B8-87F3-1D4A2F8DFB71}.Release|x64.ActiveCfg = Release|Win32
		{9153F93F-B5BA-41B8-87F3-1D4A2F8DFB71}.Static-Debug|Win32.ActiveCfg = Debug|Win32
		{9153F93F-B5BA-41B8-87F3-1D4A2F8DFB71}.Static-Debug|Win32.Build.0 = Debug|Win32
		{9153F93F-B5BA-41B8-87F3-1D4A2F8DFB71}.Static-Debug|x64.ActiveCfg = Debug|Win32
		{9153F93F-B5BA-41B8-87F3-1D4A2F8DFB71}.Static-Release|Win32.ActiveCfg = Release|Win32
		{9153F93F-B5BA-41B8-87F3-1D4A2F8DFB71}.Static-Release|Win32.Build.0 = Release|Win32
		{9153F93F-B5BA-41B8-87F3-1D4A2F8DFB71}.Static-Release|x64.ActiveCfg = Release|Win32
	EndGlobalSection
	GlobalSection(SolutionProperties) = preSolution
		HideSolutionNode = FALSE
	EndGlobalSection
EndGlobal
